// !$*UTF8*$!
{
	archiveVersion = 1;
	classes = {
	};
	objectVersion = 56;
	objects = {

/* Begin PBXBuildFile section */
		439E302F2AA4CD16004079F9 /* AppDelegate.swift in Sources */ = {isa = PBXBuildFile; fileRef = 439E302E2AA4CD16004079F9 /* AppDelegate.swift */; };
		439E30312AA4CD16004079F9 /* SceneDelegate.swift in Sources */ = {isa = PBXBuildFile; fileRef = 439E30302AA4CD16004079F9 /* SceneDelegate.swift */; };
		439E30332AA4CD16004079F9 /* HomeController.swift in Sources */ = {isa = PBXBuildFile; fileRef = 439E30322AA4CD16004079F9 /* HomeController.swift */; };
		439E30382AA4CD16004079F9 /* Assets.xcassets in Resources */ = {isa = PBXBuildFile; fileRef = 439E30372AA4CD16004079F9 /* Assets.xcassets */; };
		439E303B2AA4CD16004079F9 /* LaunchScreen.storyboard in Resources */ = {isa = PBXBuildFile; fileRef = 439E30392AA4CD16004079F9 /* LaunchScreen.storyboard */; };
		43A0C9352AC02E1000AC537E /* BaseSlidingController.swift in Sources */ = {isa = PBXBuildFile; fileRef = 43A0C9342AC02E1000AC537E /* BaseSlidingController.swift */; };
		43A0C9382AC22AFC00AC537E /* CustomMenuHeaderView.swift in Sources */ = {isa = PBXBuildFile; fileRef = 43A0C9372AC22AFC00AC537E /* CustomMenuHeaderView.swift */; };
		43A0C93A2AC231EC00AC537E /* SpacerView.swift in Sources */ = {isa = PBXBuildFile; fileRef = 43A0C9392AC231EC00AC537E /* SpacerView.swift */; };
		43A0C93C2AC3811A00AC537E /* ProfileImageView.swift in Sources */ = {isa = PBXBuildFile; fileRef = 43A0C93B2AC3811A00AC537E /* ProfileImageView.swift */; };
		43A0C93E2AC5EEA600AC537E /* MenuItemCell.swift in Sources */ = {isa = PBXBuildFile; fileRef = 43A0C93D2AC5EEA600AC537E /* MenuItemCell.swift */; };
		43A0C9402AC7645B00AC537E /* ListController.swift in Sources */ = {isa = PBXBuildFile; fileRef = 43A0C93F2AC7645B00AC537E /* ListController.swift */; };
		43AA81152AAF6885001629FA /* MenuController.swift in Sources */ = {isa = PBXBuildFile; fileRef = 43AA81142AAF6885001629FA /* MenuController.swift */; };
/* End PBXBuildFile section */

/* Begin PBXFileReference section */
		439E302B2AA4CD16004079F9 /* TwitterSlideOutMenu.app */ = {isa = PBXFileReference; explicitFileType = wrapper.application; includeInIndex = 0; path = TwitterSlideOutMenu.app; sourceTree = BUILT_PRODUCTS_DIR; };
		439E302E2AA4CD16004079F9 /* AppDelegate.swift */ = {isa = PBXFileReference; lastKnownFileType = sourcecode.swift; path = AppDelegate.swift; sourceTree = "<group>"; };
		439E30302AA4CD16004079F9 /* SceneDelegate.swift */ = {isa = PBXFileReference; lastKnownFileType = sourcecode.swift; path = SceneDelegate.swift; sourceTree = "<group>"; };
		439E30322AA4CD16004079F9 /* HomeController.swift */ = {isa = PBXFileReference; lastKnownFileType = sourcecode.swift; path = HomeController.swift; sourceTree = "<group>"; };
		439E30372AA4CD16004079F9 /* Assets.xcassets */ = {isa = PBXFileReference; lastKnownFileType = folder.assetcatalog; path = Assets.xcassets; sourceTree = "<group>"; };
		439E303A2AA4CD16004079F9 /* Base */ = {isa = PBXFileReference; lastKnownFileType = file.storyboard; name = Base; path = Base.lproj/LaunchScreen.storyboard; sourceTree = "<group>"; };
		439E303C2AA4CD16004079F9 /* Info.plist */ = {isa = PBXFileReference; lastKnownFileType = text.plist.xml; path = Info.plist; sourceTree = "<group>"; };
		43A0C9342AC02E1000AC537E /* BaseSlidingController.swift */ = {isa = PBXFileReference; lastKnownFileType = sourcecode.swift; path = BaseSlidingController.swift; sourceTree = "<group>"; };
		43A0C9372AC22AFC00AC537E /* CustomMenuHeaderView.swift */ = {isa = PBXFileReference; lastKnownFileType = sourcecode.swift; path = CustomMenuHeaderView.swift; sourceTree = "<group>"; };
		43A0C9392AC231EC00AC537E /* SpacerView.swift */ = {isa = PBXFileReference; lastKnownFileType = sourcecode.swift; path = SpacerView.swift; sourceTree = "<group>"; };
		43A0C93B2AC3811A00AC537E /* ProfileImageView.swift */ = {isa = PBXFileReference; lastKnownFileType = sourcecode.swift; path = ProfileImageView.swift; sourceTree = "<group>"; };
		43A0C93D2AC5EEA600AC537E /* MenuItemCell.swift */ = {isa = PBXFileReference; lastKnownFileType = sourcecode.swift; path = MenuItemCell.swift; sourceTree = "<group>"; };
		43A0C93F2AC7645B00AC537E /* ListController.swift */ = {isa = PBXFileReference; lastKnownFileType = sourcecode.swift; path = ListController.swift; sourceTree = "<group>"; };
		43AA81142AAF6885001629FA /* MenuController.swift */ = {isa = PBXFileReference; lastKnownFileType = sourcecode.swift; path = MenuController.swift; sourceTree = "<group>"; };
/* End PBXFileReference section */

/* Begin PBXFrameworksBuildPhase section */
		439E30282AA4CD16004079F9 /* Frameworks */ = {
			isa = PBXFrameworksBuildPhase;
			buildActionMask = 2147483647;
			files = (
			);
			runOnlyForDeploymentPostprocessing = 0;
		};
/* End PBXFrameworksBuildPhase section */

/* Begin PBXGroup section */
		439E30222AA4CD16004079F9 = {
			isa = PBXGroup;
			children = (
				439E302D2AA4CD16004079F9 /* TwitterSlideOutMenu */,
				439E302C2AA4CD16004079F9 /* Products */,
			);
			sourceTree = "<group>";
		};
		439E302C2AA4CD16004079F9 /* Products */ = {
			isa = PBXGroup;
			children = (
				439E302B2AA4CD16004079F9 /* TwitterSlideOutMenu.app */,
			);
			name = Products;
			sourceTree = "<group>";
		};
		439E302D2AA4CD16004079F9 /* TwitterSlideOutMenu */ = {
			isa = PBXGroup;
			children = (
				43A0C9362AC22AEA00AC537E /* Views */,
				43AA81132AAF687A001629FA /* Controllers */,
				439E302E2AA4CD16004079F9 /* AppDelegate.swift */,
				439E30302AA4CD16004079F9 /* SceneDelegate.swift */,
				439E30372AA4CD16004079F9 /* Assets.xcassets */,
				439E30392AA4CD16004079F9 /* LaunchScreen.storyboard */,
				439E303C2AA4CD16004079F9 /* Info.plist */,
			);
			path = TwitterSlideOutMenu;
			sourceTree = "<group>";
		};
		43A0C9332AC02E0000AC537E /* Base */ = {
			isa = PBXGroup;
			children = (
				43A0C9342AC02E1000AC537E /* BaseSlidingController.swift */,
			);
			path = Base;
			sourceTree = "<group>";
		};
		43A0C9362AC22AEA00AC537E /* Views */ = {
			isa = PBXGroup;
			children = (
				43A0C9372AC22AFC00AC537E /* CustomMenuHeaderView.swift */,
				43A0C9392AC231EC00AC537E /* SpacerView.swift */,
				43A0C93B2AC3811A00AC537E /* ProfileImageView.swift */,
				43A0C93D2AC5EEA600AC537E /* MenuItemCell.swift */,
			);
			path = Views;
			sourceTree = "<group>";
		};
		43AA81132AAF687A001629FA /* Controllers */ = {
			isa = PBXGroup;
			children = (
				43A0C9332AC02E0000AC537E /* Base */,
				43AA81142AAF6885001629FA /* MenuController.swift */,
				439E30322AA4CD16004079F9 /* HomeController.swift */,
				43A0C93F2AC7645B00AC537E /* ListController.swift */,
			);
			path = Controllers;
			sourceTree = "<group>";
		};
/* End PBXGroup section */

/* Begin PBXNativeTarget section */
		439E302A2AA4CD16004079F9 /* TwitterSlideOutMenu */ = {
			isa = PBXNativeTarget;
			buildConfigurationList = 439E303F2AA4CD16004079F9 /* Build configuration list for PBXNativeTarget "TwitterSlideOutMenu" */;
			buildPhases = (
				439E30272AA4CD16004079F9 /* Sources */,
				439E30282AA4CD16004079F9 /* Frameworks */,
				439E30292AA4CD16004079F9 /* Resources */,
			);
			buildRules = (
			);
			dependencies = (
			);
			name = TwitterSlideOutMenu;
			productName = TwitterSlideOutMenu;
			productReference = 439E302B2AA4CD16004079F9 /* TwitterSlideOutMenu.app */;
			productType = "com.apple.product-type.application";
		};
/* End PBXNativeTarget section */

/* Begin PBXProject section */
		439E30232AA4CD16004079F9 /* Project object */ = {
			isa = PBXProject;
			attributes = {
				BuildIndependentTargetsInParallel = 1;
				LastSwiftUpdateCheck = 1420;
				LastUpgradeCheck = 1420;
				TargetAttributes = {
					439E302A2AA4CD16004079F9 = {
						CreatedOnToolsVersion = 14.2;
					};
				};
			};
			buildConfigurationList = 439E30262AA4CD16004079F9 /* Build configuration list for PBXProject "TwitterSlideOutMenu" */;
			compatibilityVersion = "Xcode 14.0";
			developmentRegion = en;
			hasScannedForEncodings = 0;
			knownRegions = (
				en,
				Base,
			);
			mainGroup = 439E30222AA4CD16004079F9;
			productRefGroup = 439E302C2AA4CD16004079F9 /* Products */;
			projectDirPath = "";
			projectRoot = "";
			targets = (
				439E302A2AA4CD16004079F9 /* TwitterSlideOutMenu */,
			);
		};
/* End PBXProject section */

/* Begin PBXResourcesBuildPhase section */
		439E30292AA4CD16004079F9 /* Resources */ = {
			isa = PBXResourcesBuildPhase;
			buildActionMask = 2147483647;
			files = (
				439E303B2AA4CD16004079F9 /* LaunchScreen.storyboard in Resources */,
				439E30382AA4CD16004079F9 /* Assets.xcassets in Resources */,
			);
			runOnlyForDeploymentPostprocessing = 0;
		};
/* End PBXResourcesBuildPhase section */

/* Begin PBXSourcesBuildPhase section */
		439E30272AA4CD16004079F9 /* Sources */ = {
			isa = PBXSourcesBuildPhase;
			buildActionMask = 2147483647;
			files = (
				43A0C93C2AC3811A00AC537E /* ProfileImageView.swift in Sources */,
				43A0C9402AC7645B00AC537E /* ListController.swift in Sources */,
				43A0C93A2AC231EC00AC537E /* SpacerView.swift in Sources */,
				43AA81152AAF6885001629FA /* MenuController.swift in Sources */,
				43A0C9382AC22AFC00AC537E /* CustomMenuHeaderView.swift in Sources */,
				439E30332AA4CD16004079F9 /* HomeController.swift in Sources */,
				439E302F2AA4CD16004079F9 /* AppDelegate.swift in Sources */,
				43A0C93E2AC5EEA600AC537E /* MenuItemCell.swift in Sources */,
				439E30312AA4CD16004079F9 /* SceneDelegate.swift in Sources */,
				43A0C9352AC02E1000AC537E /* BaseSlidingController.swift in Sources */,
			);
			runOnlyForDeploymentPostprocessing = 0;
		};
/* End PBXSourcesBuildPhase section */

/* Begin PBXVariantGroup section */
		439E30392AA4CD16004079F9 /* LaunchScreen.storyboard */ = {
			isa = PBXVariantGroup;
			children = (
				439E303A2AA4CD16004079F9 /* Base */,
			);
			name = LaunchScreen.storyboard;
			sourceTree = "<group>";
		};
/* End PBXVariantGroup section */

/* Begin XCBuildConfiguration section */
		439E303D2AA4CD16004079F9 /* Debug */ = {
			isa = XCBuildConfiguration;
			buildSettings = {
				ALWAYS_SEARCH_USER_PATHS = NO;
				CLANG_ANALYZER_NONNULL = YES;
				CLANG_ANALYZER_NUMBER_OBJECT_CONVERSION = YES_AGGRESSIVE;
				CLANG_CXX_LANGUAGE_STANDARD = "gnu++20";
				CLANG_ENABLE_MODULES = YES;
				CLANG_ENABLE_OBJC_ARC = YES;
				CLANG_ENABLE_OBJC_WEAK = YES;
				CLANG_WARN_BLOCK_CAPTURE_AUTORELEASING = YES;
				CLANG_WARN_BOOL_CONVERSION = YES;
				CLANG_WARN_COMMA = YES;
				CLANG_WARN_CONSTANT_CONVERSION = YES;
				CLANG_WARN_DEPRECATED_OBJC_IMPLEMENTATIONS = YES;
				CLANG_WARN_DIRECT_OBJC_ISA_USAGE = YES_ERROR;
				CLANG_WARN_DOCUMENTATION_COMMENTS = YES;
				CLANG_WARN_EMPTY_BODY = YES;
				CLANG_WARN_ENUM_CONVERSION = YES;
				CLANG_WARN_INFINITE_RECURSION = YES;
				CLANG_WARN_INT_CONVERSION = YES;
				CLANG_WARN_NON_LITERAL_NULL_CONVERSION = YES;
				CLANG_WARN_OBJC_IMPLICIT_RETAIN_SELF = YES;
				CLANG_WARN_OBJC_LITERAL_CONVERSION = YES;
				CLANG_WARN_OBJC_ROOT_CLASS = YES_ERROR;
				CLANG_WARN_QUOTED_INCLUDE_IN_FRAMEWORK_HEADER = YES;
				CLANG_WARN_RANGE_LOOP_ANALYSIS = YES;
				CLANG_WARN_STRICT_PROTOTYPES = YES;
				CLANG_WARN_SUSPICIOUS_MOVE = YES;
				CLANG_WARN_UNGUARDED_AVAILABILITY = YES_AGGRESSIVE;
				CLANG_WARN_UNREACHABLE_CODE = YES;
				CLANG_WARN__DUPLICATE_METHOD_MATCH = YES;
				COPY_PHASE_STRIP = NO;
				DEBUG_INFORMATION_FORMAT = dwarf;
				ENABLE_STRICT_OBJC_MSGSEND = YES;
				ENABLE_TESTABILITY = YES;
				GCC_C_LANGUAGE_STANDARD = gnu11;
				GCC_DYNAMIC_NO_PIC = NO;
				GCC_NO_COMMON_BLOCKS = YES;
				GCC_OPTIMIZATION_LEVEL = 0;
				GCC_PREPROCESSOR_DEFINITIONS = (
					"DEBUG=1",
					"$(inherited)",
				);
				GCC_WARN_64_TO_32_BIT_CONVERSION = YES;
				GCC_WARN_ABOUT_RETURN_TYPE = YES_ERROR;
				GCC_WARN_UNDECLARED_SELECTOR = YES;
				GCC_WARN_UNINITIALIZED_AUTOS = YES_AGGRESSIVE;
				GCC_WARN_UNUSED_FUNCTION = YES;
				GCC_WARN_UNUSED_VARIABLE = YES;
				IPHONEOS_DEPLOYMENT_TARGET = 16.2;
				MTL_ENABLE_DEBUG_INFO = INCLUDE_SOURCE;
				MTL_FAST_MATH = YES;
				ONLY_ACTIVE_ARCH = YES;
				SDKROOT = iphoneos;
				SWIFT_ACTIVE_COMPILATION_CONDITIONS = DEBUG;
				SWIFT_OPTIMIZATION_LEVEL = "-Onone";
			};
			name = Debug;
		};
		439E303E2AA4CD16004079F9 /* Release */ = {
			isa = XCBuildConfiguration;
			buildSettings = {
				ALWAYS_SEARCH_USER_PATHS = NO;
				CLANG_ANALYZER_NONNULL = YES;
				CLANG_ANALYZER_NUMBER_OBJECT_CONVERSION = YES_AGGRESSIVE;
				CLANG_CXX_LANGUAGE_STANDARD = "gnu++20";
				CLANG_ENABLE_MODULES = YES;
				CLANG_ENABLE_OBJC_ARC = YES;
				CLANG_ENABLE_OBJC_WEAK = YES;
				CLANG_WARN_BLOCK_CAPTURE_AUTORELEASING = YES;
				CLANG_WARN_BOOL_CONVERSION = YES;
				CLANG_WARN_COMMA = YES;
				CLANG_WARN_CONSTANT_CONVERSION = YES;
				CLANG_WARN_DEPRECATED_OBJC_IMPLEMENTATIONS = YES;
				CLANG_WARN_DIRECT_OBJC_ISA_USAGE = YES_ERROR;
				CLANG_WARN_DOCUMENTATION_COMMENTS = YES;
				CLANG_WARN_EMPTY_BODY = YES;
				CLANG_WARN_ENUM_CONVERSION = YES;
				CLANG_WARN_INFINITE_RECURSION = YES;
				CLANG_WARN_INT_CONVERSION = YES;
				CLANG_WARN_NON_LITERAL_NULL_CONVERSION = YES;
				CLANG_WARN_OBJC_IMPLICIT_RETAIN_SELF = YES;
				CLANG_WARN_OBJC_LITERAL_CONVERSION = YES;
				CLANG_WARN_OBJC_ROOT_CLASS = YES_ERROR;
				CLANG_WARN_QUOTED_INCLUDE_IN_FRAMEWORK_HEADER = YES;
				CLANG_WARN_RANGE_LOOP_ANALYSIS = YES;
				CLANG_WARN_STRICT_PROTOTYPES = YES;
				CLANG_WARN_SUSPICIOUS_MOVE = YES;
				CLANG_WARN_UNGUARDED_AVAILABILITY = YES_AGGRESSIVE;
				CLANG_WARN_UNREACHABLE_CODE = YES;
				CLANG_WARN__DUPLICATE_METHOD_MATCH = YES;
				COPY_PHASE_STRIP = NO;
				DEBUG_INFORMATION_FORMAT = "dwarf-with-dsym";
				ENABLE_NS_ASSERTIONS = NO;
				ENABLE_STRICT_OBJC_MSGSEND = YES;
				GCC_C_LANGUAGE_STANDARD = gnu11;
				GCC_NO_COMMON_BLOCKS = YES;
				GCC_WARN_64_TO_32_BIT_CONVERSION = YES;
				GCC_WARN_ABOUT_RETURN_TYPE = YES_ERROR;
				GCC_WARN_UNDECLARED_SELECTOR = YES;
				GCC_WARN_UNINITIALIZED_AUTOS = YES_AGGRESSIVE;
				GCC_WARN_UNUSED_FUNCTION = YES;
				GCC_WARN_UNUSED_VARIABLE = YES;
				IPHONEOS_DEPLOYMENT_TARGET = 16.2;
				MTL_ENABLE_DEBUG_INFO = NO;
				MTL_FAST_MATH = YES;
				SDKROOT = iphoneos;
				SWIFT_COMPILATION_MODE = wholemodule;
				SWIFT_OPTIMIZATION_LEVEL = "-O";
				VALIDATE_PRODUCT = YES;
			};
			name = Release;
		};
		439E30402AA4CD16004079F9 /* Debug */ = {
			isa = XCBuildConfiguration;
			buildSettings = {
				ASSETCATALOG_COMPILER_APPICON_NAME = AppIcon;
				ASSETCATALOG_COMPILER_GLOBAL_ACCENT_COLOR_NAME = AccentColor;
				CODE_SIGN_STYLE = Automatic;
				CURRENT_PROJECT_VERSION = 1;
				DEVELOPMENT_TEAM = C7T7MNSP5C;
				GENERATE_INFOPLIST_FILE = YES;
				INFOPLIST_FILE = TwitterSlideOutMenu/Info.plist;
				INFOPLIST_KEY_UIApplicationSupportsIndirectInputEvents = YES;
				INFOPLIST_KEY_UILaunchStoryboardName = LaunchScreen;
				INFOPLIST_KEY_UISupportedInterfaceOrientations_iPad = "UIInterfaceOrientationPortrait UIInterfaceOrientationPortraitUpsideDown UIInterfaceOrientationLandscapeLeft UIInterfaceOrientationLandscapeRight";
				INFOPLIST_KEY_UISupportedInterfaceOrientations_iPhone = "UIInterfaceOrientationPortrait UIInterfaceOrientationLandscapeLeft UIInterfaceOrientationLandscapeRight";
				LD_RUNPATH_SEARCH_PATHS = (
					"$(inherited)",
					"@executable_path/Frameworks",
				);
				MARKETING_VERSION = 1.0;
				PRODUCT_BUNDLE_IDENTIFIER = com.muratceyhun.TwitterSlideOutMenu;
				PRODUCT_NAME = "$(TARGET_NAME)";
				SWIFT_EMIT_LOC_STRINGS = YES;
				SWIFT_VERSION = 5.0;
				TARGETED_DEVICE_FAMILY = "1,2";
			};
			name = Debug;
		};
		439E30412AA4CD16004079F9 /* Release */ = {
			isa = XCBuildConfiguration;
			buildSettings = {
				ASSETCATALOG_COMPILER_APPICON_NAME = AppIcon;
				ASSETCATALOG_COMPILER_GLOBAL_ACCENT_COLOR_NAME = AccentColor;
				CODE_SIGN_STYLE = Automatic;
				CURRENT_PROJECT_VERSION = 1;
				DEVELOPMENT_TEAM = C7T7MNSP5C;
				GENERATE_INFOPLIST_FILE = YES;
				INFOPLIST_FILE = TwitterSlideOutMenu/Info.plist;
				INFOPLIST_KEY_UIApplicationSupportsIndirectInputEvents = YES;
				INFOPLIST_KEY_UILaunchStoryboardName = LaunchScreen;
				INFOPLIST_KEY_UISupportedInterfaceOrientations_iPad = "UIInterfaceOrientationPortrait UIInterfaceOrientationPortraitUpsideDown UIInterfaceOrientationLandscapeLeft UIInterfaceOrientationLandscapeRight";
				INFOPLIST_KEY_UISupportedInterfaceOrientations_iPhone = "UIInterfaceOrientationPortrait UIInterfaceOrientationLandscapeLeft UIInterfaceOrientationLandscapeRight";
				LD_RUNPATH_SEARCH_PATHS = (
					"$(inherited)",
					"@executable_path/Frameworks",
				);
				MARKETING_VERSION = 1.0;
				PRODUCT_BUNDLE_IDENTIFIER = com.muratceyhun.TwitterSlideOutMenu;
				PRODUCT_NAME = "$(TARGET_NAME)";
				SWIFT_EMIT_LOC_STRINGS = YES;
				SWIFT_VERSION = 5.0;
				TARGETED_DEVICE_FAMILY = "1,2";
			};
			name = Release;
		};
/* End XCBuildConfiguration section */

/* Begin XCConfigurationList section */
		439E30262AA4CD16004079F9 /* Build configuration list for PBXProject "TwitterSlideOutMenu" */ = {
			isa = XCConfigurationList;
			buildConfigurations = (
				439E303D2AA4CD16004079F9 /* Debug */,
				439E303E2AA4CD16004079F9 /* Release */,
			);
			defaultConfigurationIsVisible = 0;
			defaultConfigurationName = Release;
		};
		439E303F2AA4CD16004079F9 /* Build configuration list for PBXNativeTarget "TwitterSlideOutMenu" */ = {
			isa = XCConfigurationList;
			buildConfigurations = (
				439E30402AA4CD16004079F9 /* Debug */,
				439E30412AA4CD16004079F9 /* Release */,
			);
			defaultConfigurationIsVisible = 0;
			defaultConfigurationName = Release;
		};
/* End XCConfigurationList section */
	};
	rootObject = 439E30232AA4CD16004079F9 /* Project object */;
}
